
Microsoft Visual Studio Solution File, Format Version 12.00
# Visual Studio Version 17
VisualStudioVersion = 17.8.34330.188
MinimumVisualStudioVersion = 10.0.40219.1
Project("{9A19103F-16F7-4668-BE54-9A1E7A4F7556}") = "sklad_AVZ", "sklad_AVZ\sklad_AVZ.csproj", "{83EE094C-1C87-4313-9C46-A318CDC56A47}"
EndProject
Global
	GlobalSection(SolutionConfigurationPlatforms) = preSolution
		Debug|Any CPU = Debug|Any CPU
		Release|Any CPU = Release|Any CPU
	EndGlobalSection
	GlobalSection(ProjectConfigurationPlatforms) = postSolution
		{83EE094C-1C87-4313-9C46-A318CDC56A47}.Debug|Any CPU.ActiveCfg = Debug|Any CPU
		{83EE094C-1C87-4313-9C46-A318CDC56A47}.Debug|Any CPU.Build.0 = Debug|Any CPU
		{83EE094C-1C87-4313-9C46-A318CDC56A47}.Release|Any CPU.ActiveCfg = Release|Any CPU
		{83EE094C-1C87-4313-9C46-A318CDC56A47}.Release|Any CPU.Build.0 = Release|Any CPU
	EndGlobalSection
	GlobalSection(SolutionProperties) = preSolution
		HideSolutionNode = FALSE
	EndGlobalSection
	GlobalSection(ExtensibilityGlobals) = postSolution
		SolutionGuid = {02CD0E83-450C-4ED3-AA6B-07A85FF4D55A}
	EndGlobalSection
EndGlobal
